
Microsoft Visual Studio Solution File, Format Version 12.00
# Visual Studio 15
VisualStudioVersion = 15.0.26730.16
MinimumVisualStudioVersion = 10.0.40219.1
Project("{FAE04EC0-301F-11D3-BF4B-00C04F79EFBC}") = "Gonashapelg", "Gonashapelg.csproj", "{3F1B7F94-5845-40F3-B0AF-BCE294347A3C}"
EndProject
Global
	GlobalSection(SolutionConfigurationPlatforms) = preSolution
		Debug|Any CPU = Debug|Any CPU
		Release|Any CPU = Release|Any CPU
	EndGlobalSection
	GlobalSection(ProjectConfigurationPlatforms) = postSolution
		{3F1B7F94-5845-40F3-B0AF-BCE294347A3C}.Debug|Any CPU.ActiveCfg = Debug|Any CPU
		{3F1B7F94-5845-40F3-B0AF-BCE294347A3C}.Debug|Any CPU.Build.0 = Debug|Any CPU
		{3F1B7F94-5845-40F3-B0AF-BCE294347A3C}.Release|Any CPU.ActiveCfg = Release|Any CPU
		{3F1B7F94-5845-40F3-B0AF-BCE294347A3C}.Release|Any CPU.Build.0 = Release|Any CPU
	EndGlobalSection
	GlobalSection(SolutionProperties) = preSolution
		HideSolutionNode = FALSE
	EndGlobalSection
	GlobalSection(ExtensibilityGlobals) = postSolution
		SolutionGuid = {6839D6B7-2442-4C18-BF1D-46896C8FCE85}
	EndGlobalSection
EndGlobal
